<?xml version="1.0" encoding="UTF-8" standalone="yes" ?>
<CodeBlocks_project_file>
	<FileVersion major="1" minor="6" />
	<Project>
		<Option title="drawingRobot" />
		<Option makefile_is_custom="1" />
		<Option pch_mode="2" />
		<Option compiler="gcc" />
		<Option virtualFolders="addons/;build config/;addons/ofxUI/;SourcesF/;HeadersF/;" />
		<Build>
			<Target title="Debug">
				<Option output="bin/$(PROJECT_NAME)_debug" prefix_auto="1" extension_auto="1" />
				<Option working_dir="bin" />
				<Option object_output="obj/Debug/" />
				<Option external_deps="../../../../../opt/of_v0.7.4_linux64_release/libs/openFrameworksCompiled/lib/linux64/libopenFrameworksDebug.a;" />
				<Option type="1" />
				<Option compiler="gcc" />
				<Option projectLinkerOptionsRelation="2" />
			</Target>
			<Target title="Release">
				<Option output="bin/$(PROJECT_NAME)" prefix_auto="1" extension_auto="1" />
				<Option working_dir="bin" />
				<Option object_output="obj/Release/" />
				<Option external_deps="../../../../../opt/of_v0.7.4_linux64_release/libs/openFrameworksCompiled/lib/linux64/libopenFrameworks.a;" />
				<Option type="1" />
				<Option compiler="gcc" />
				<Option projectLinkerOptionsRelation="2" />
			</Target>
		</Build>
		<Unit filename="../../../addons/ofxUI/src/ofxUI.h">
			<Option virtualFolder="addons/ofxUI/" />
		</Unit>
		<Unit filename="../../../addons/ofxUI/src/ofxUI2DGraph.h">
			<Option virtualFolder="addons/ofxUI/" />
		</Unit>
		<Unit filename="../../../addons/ofxUI/src/ofxUI2DPad.h">
			<Option virtualFolder="addons/ofxUI/" />
		</Unit>
		<Unit filename="../../../addons/ofxUI/src/ofxUIBaseDraws.h">
			<Option virtualFolder="addons/ofxUI/" />
		</Unit>
		<Unit filename="../../../addons/ofxUI/src/ofxUIBiLabelSlider.h">
			<Option virtualFolder="addons/ofxUI/" />
		</Unit>
		<Unit filename="../../../addons/ofxUI/src/ofxUIButton.h">
			<Option virtualFolder="addons/ofxUI/" />
		</Unit>
		<Unit filename="../../../addons/ofxUI/src/ofxUICanvas.h">
			<Option virtualFolder="addons/ofxUI/" />
		</Unit>
		<Unit filename="../../../addons/ofxUI/src/ofxUICircleSlider.h">
			<Option virtualFolder="addons/ofxUI/" />
		</Unit>
		<Unit filename="../../../addons/ofxUI/src/ofxUICustomImageButton.h">
			<Option virtualFolder="addons/ofxUI/" />
		</Unit>
		<Unit filename="../../../addons/ofxUI/src/ofxUIDropDownList.h">
			<Option virtualFolder="addons/ofxUI/" />
		</Unit>
		<Unit filename="../../../addons/ofxUI/src/ofxUIEventArgs.h">
			<Option virtualFolder="addons/ofxUI/" />
		</Unit>
		<Unit filename="../../../addons/ofxUI/src/ofxUIFPS.h">
			<Option virtualFolder="addons/ofxUI/" />
		</Unit>
		<Unit filename="../../../addons/ofxUI/src/ofxUIFPSSlider.h">
			<Option virtualFolder="addons/ofxUI/" />
		</Unit>
		<Unit filename="../../../addons/ofxUI/src/ofxUIImage.h">
			<Option virtualFolder="addons/ofxUI/" />
		</Unit>
		<Unit filename="../../../addons/ofxUI/src/ofxUIImageButton.h">
			<Option virtualFolder="addons/ofxUI/" />
		</Unit>
		<Unit filename="../../../addons/ofxUI/src/ofxUIImageSampler.h">
			<Option virtualFolder="addons/ofxUI/" />
		</Unit>
		<Unit filename="../../../addons/ofxUI/src/ofxUIImageSlider.h">
			<Option virtualFolder="addons/ofxUI/" />
		</Unit>
		<Unit filename="../../../addons/ofxUI/src/ofxUIImageToggle.h">
			<Option virtualFolder="addons/ofxUI/" />
		</Unit>
		<Unit filename="../../../addons/ofxUI/src/ofxUILabel.h">
			<Option virtualFolder="addons/ofxUI/" />
		</Unit>
		<Unit filename="../../../addons/ofxUI/src/ofxUILabelButton.h">
			<Option virtualFolder="addons/ofxUI/" />
		</Unit>
		<Unit filename="../../../addons/ofxUI/src/ofxUILabelToggle.h">
			<Option virtualFolder="addons/ofxUI/" />
		</Unit>
		<Unit filename="../../../addons/ofxUI/src/ofxUIMinimalSlider.h">
			<Option virtualFolder="addons/ofxUI/" />
		</Unit>
		<Unit filename="../../../addons/ofxUI/src/ofxUIMovingGraph.h">
			<Option virtualFolder="addons/ofxUI/" />
		</Unit>
		<Unit filename="../../../addons/ofxUI/src/ofxUIMultiImageButton.h">
			<Option virtualFolder="addons/ofxUI/" />
		</Unit>
		<Unit filename="../../../addons/ofxUI/src/ofxUIMultiImageSlider.h">
			<Option virtualFolder="addons/ofxUI/" />
		</Unit>
		<Unit filename="../../../addons/ofxUI/src/ofxUIMultiImageToggle.h">
			<Option virtualFolder="addons/ofxUI/" />
		</Unit>
		<Unit filename="../../../addons/ofxUI/src/ofxUINumberDialer.h">
			<Option virtualFolder="addons/ofxUI/" />
		</Unit>
		<Unit filename="../../../addons/ofxUI/src/ofxUIOFWrapper.h">
			<Option virtualFolder="addons/ofxUI/" />
		</Unit>
		<Unit filename="../../../addons/ofxUI/src/ofxUIRadio.h">
			<Option virtualFolder="addons/ofxUI/" />
		</Unit>
		<Unit filename="../../../addons/ofxUI/src/ofxUIRangeSlider.h">
			<Option virtualFolder="addons/ofxUI/" />
		</Unit>
		<Unit filename="../../../addons/ofxUI/src/ofxUIRectangle.h">
			<Option virtualFolder="addons/ofxUI/" />
		</Unit>
		<Unit filename="../../../addons/ofxUI/src/ofxUIRotarySlider.h">
			<Option virtualFolder="addons/ofxUI/" />
		</Unit>
		<Unit filename="../../../addons/ofxUI/src/ofxUIScrollableCanvas.h">
			<Option virtualFolder="addons/ofxUI/" />
		</Unit>
		<Unit filename="../../../addons/ofxUI/src/ofxUISlider.h">
			<Option virtualFolder="addons/ofxUI/" />
		</Unit>
		<Unit filename="../../../addons/ofxUI/src/ofxUISpacer.h">
			<Option virtualFolder="addons/ofxUI/" />
		</Unit>
		<Unit filename="../../../addons/ofxUI/src/ofxUISpectrum.h">
			<Option virtualFolder="addons/ofxUI/" />
		</Unit>
		<Unit filename="../../../addons/ofxUI/src/ofxUISuperCanvas.h">
			<Option virtualFolder="addons/ofxUI/" />
		</Unit>
		<Unit filename="../../../addons/ofxUI/src/ofxUITextArea.h">
			<Option virtualFolder="addons/ofxUI/" />
		</Unit>
		<Unit filename="../../../addons/ofxUI/src/ofxUITextInput.h">
			<Option virtualFolder="addons/ofxUI/" />
		</Unit>
		<Unit filename="../../../addons/ofxUI/src/ofxUIToggle.h">
			<Option virtualFolder="addons/ofxUI/" />
		</Unit>
		<Unit filename="../../../addons/ofxUI/src/ofxUIToggleMatrix.h">
			<Option virtualFolder="addons/ofxUI/" />
		</Unit>
		<Unit filename="../../../addons/ofxUI/src/ofxUIUtils.h">
			<Option virtualFolder="addons/ofxUI/" />
		</Unit>
		<Unit filename="../../../addons/ofxUI/src/ofxUIValuePlotter.h">
			<Option virtualFolder="addons/ofxUI/" />
		</Unit>
		<Unit filename="../../../addons/ofxUI/src/ofxUIWaveform.h">
			<Option virtualFolder="addons/ofxUI/" />
		</Unit>
		<Unit filename="../../../addons/ofxUI/src/ofxUIWidget.h">
			<Option virtualFolder="addons/ofxUI/" />
		</Unit>
		<Unit filename="../../../addons/ofxUI/src/ofxUIWidgetWithLabel.h">
			<Option virtualFolder="addons/ofxUI/" />
		</Unit>
		<Unit filename="config.make">
			<Option virtualFolder="build config" />
		</Unit>
		<Unit filename="src/fractal.cpp">
			<Option virtualFolder="SourcesF/" />
		</Unit>
		<Unit filename="src/fractal.hpp">
			<Option virtualFolder="HeadersF/" />
		</Unit>
		<Unit filename="src/main.cpp">
			<Option virtualFolder="SourcesF/" />
		</Unit>
		<Unit filename="src/matrix.cpp">
			<Option virtualFolder="SourcesF/" />
		</Unit>
		<Unit filename="src/matrix.hpp">
			<Option virtualFolder="HeadersF/" />
		</Unit>
		<Unit filename="src/polygon.cpp">
			<Option virtualFolder="SourcesF/" />
		</Unit>
		<Unit filename="src/polygon.hpp">
			<Option virtualFolder="HeadersF/" />
		</Unit>
		<Unit filename="src/polygonsFile.cpp">
			<Option virtualFolder="SourcesF/" />
		</Unit>
		<Unit filename="src/polygonsFile.hpp">
			<Option virtualFolder="HeadersF/" />
		</Unit>
		<Unit filename="src/server.cpp">
			<Option virtualFolder="SourcesF/" />
		</Unit>
		<Unit filename="src/server.hpp">
			<Option virtualFolder="HeadersF/" />
		</Unit>
		<Unit filename="src/testApp.cpp">
			<Option virtualFolder="SourcesF/" />
		</Unit>
		<Unit filename="src/testApp.h">
			<Option virtualFolder="HeadersF/" />
		</Unit>
		<Unit filename="src/tests.cpp">
			<Option virtualFolder="SourcesF/" />
		</Unit>
		<Unit filename="src/tests.hpp">
			<Option virtualFolder="HeadersF/" />
		</Unit>
		<Unit filename="src/vertex.cpp">
			<Option virtualFolder="SourcesF/" />
		</Unit>
		<Unit filename="src/vertex.hpp">
			<Option virtualFolder="HeadersF/" />
		</Unit>
		<Extensions>
			<code_completion />
			<envvars />
			<debugger />
		</Extensions>
	</Project>
</CodeBlocks_project_file>
