<?xml version="1.0"?>
<CodeBlocks_project_file>
	<FileVersion major="1" minor="6" />
	<Project>
		<Option title="drawingRobot" />
		<Option makefile_is_custom="1" />
		<Option pch_mode="2" />
		<Option compiler="gcc" />
		<Option virtualFolders="addons/;build config/;" />
		<Build>
			<Target title="Debug">
				<Option output="bin/$(PROJECT_NAME)_debug" prefix_auto="1" extension_auto="1" />
				<Option working_dir="bin" />
				<Option object_output="obj/Debug/" />
				<Option external_deps="../../../../../opt/of_v0.7.4_linux64_release/libs/openFrameworksCompiled/lib/linux64/libopenFrameworksDebug.a;" />
				<Option type="1" />
				<Option compiler="gcc" />
				<Option projectLinkerOptionsRelation="2" />
			</Target>
			<Target title="Release">
				<Option output="bin/$(PROJECT_NAME)" prefix_auto="1" extension_auto="1" />
				<Option working_dir="bin" />
				<Option object_output="obj/Release/" />
				<Option external_deps="../../../../../opt/of_v0.7.4_linux64_release/libs/openFrameworksCompiled/lib/linux64/libopenFrameworks.a;" />
				<Option type="1" />
				<Option compiler="gcc" />
				<Option projectLinkerOptionsRelation="2" />
			</Target>
		</Build>
		<Unit filename="config.make">
			<Option virtualFolder="build config" />
		</Unit>
		<Unit filename="src/main.cpp" />
		<Unit filename="src/matrix.cpp" />
		<Unit filename="src/matrix.hpp" />
		<Unit filename="src/polygon.cpp" />
		<Unit filename="src/polygon.hpp" />
		<Unit filename="src/polygonsFile.cpp" />
		<Unit filename="src/polygonsFile.hpp" />
		<Unit filename="src/server.cpp" />
		<Unit filename="src/server.hpp" />
		<Unit filename="src/testApp.cpp" />
		<Unit filename="src/testApp.h" />
		<Unit filename="src/tests.cpp" />
		<Unit filename="src/tests.hpp" />
		<Unit filename="src/vertex.cpp" />
		<Unit filename="src/vertex.hpp" />
		<Extensions>
			<code_completion />
			<envvars />
			<debugger />
		</Extensions>
		<Unit filename="../../../../../opt/of_v0.7.4_linux64_release/addons/ofxXmlSettings/src/ofxXmlSettings.cpp" />
		<Unit filename="../../../../../opt/of_v0.7.4_linux64_release/addons/ofxXmlSettings/src/ofxXmlSettings.h" />
		<Unit filename="../../../../../opt/of_v0.7.4_linux64_release/addons/ofxXmlSettings/libs/tinyxmlparser.cpp" />
		<Unit filename="../../../../../opt/of_v0.7.4_linux64_release/addons/ofxXmlSettings/libs/tinyxml.h" />
		<Unit filename="../../../../../opt/of_v0.7.4_linux64_release/addons/ofxXmlSettings/libs/tinyxml.cpp" />
		<Unit filename="../../../../../opt/of_v0.7.4_linux64_release/addons/ofxXmlSettings/libs/tinyxmlerror.cpp" />
		<Unit filename="../../../../../opt/of_v0.7.4_linux64_release/addons/ofxUI/src/ofxUI2DGraph.h" />
		<Unit filename="../../../../../opt/of_v0.7.4_linux64_release/addons/ofxUI/src/ofxUIImageToggle.h" />
		<Unit filename="../../../../../opt/of_v0.7.4_linux64_release/addons/ofxUI/src/ofxUISuperCanvas.h" />
		<Unit filename="../../../../../opt/of_v0.7.4_linux64_release/addons/ofxUI/src/ofxUIMultiImageToggle.h" />
		<Unit filename="../../../../../opt/of_v0.7.4_linux64_release/addons/ofxUI/src/ofxUISpacer.h" />
		<Unit filename="../../../../../opt/of_v0.7.4_linux64_release/addons/ofxUI/src/ofxUINumberDialer.h" />
		<Unit filename="../../../../../opt/of_v0.7.4_linux64_release/addons/ofxUI/src/ofxUILabelToggle.h" />
		<Unit filename="../../../../../opt/of_v0.7.4_linux64_release/addons/ofxUI/src/ofxUI.h" />
		<Unit filename="../../../../../opt/of_v0.7.4_linux64_release/addons/ofxUI/src/ofxUICustomImageButton.h" />
		<Unit filename="../../../../../opt/of_v0.7.4_linux64_release/addons/ofxUI/src/ofxUIValuePlotter.h" />
		<Unit filename="../../../../../opt/of_v0.7.4_linux64_release/addons/ofxUI/src/ofxUILabelButton.h" />
		<Unit filename="../../../../../opt/of_v0.7.4_linux64_release/addons/ofxUI/src/ofxUICircleSlider.h" />
		<Unit filename="../../../../../opt/of_v0.7.4_linux64_release/addons/ofxUI/src/ofxUITextInput.h" />
		<Unit filename="../../../../../opt/of_v0.7.4_linux64_release/addons/ofxUI/src/ofxUIToggle.h" />
		<Unit filename="../../../../../opt/of_v0.7.4_linux64_release/addons/ofxUI/src/ofxUIRotarySlider.h" />
		<Unit filename="../../../../../opt/of_v0.7.4_linux64_release/addons/ofxUI/src/ofxUIWidgetWithLabel.h" />
		<Unit filename="../../../../../opt/of_v0.7.4_linux64_release/addons/ofxUI/src/ofxUISlider.h" />
		<Unit filename="../../../../../opt/of_v0.7.4_linux64_release/addons/ofxUI/src/ofxUIBaseDraws.h" />
		<Unit filename="../../../../../opt/of_v0.7.4_linux64_release/addons/ofxUI/src/ofxUIMinimalSlider.h" />
		<Unit filename="../../../../../opt/of_v0.7.4_linux64_release/addons/ofxUI/src/ofxUIEventArgs.h" />
		<Unit filename="../../../../../opt/of_v0.7.4_linux64_release/addons/ofxUI/src/ofxUIFPS.h" />
		<Unit filename="../../../../../opt/of_v0.7.4_linux64_release/addons/ofxUI/src/ofxUIFPSSlider.h" />
		<Unit filename="../../../../../opt/of_v0.7.4_linux64_release/addons/ofxUI/src/ofxUIImage.h" />
		<Unit filename="../../../../../opt/of_v0.7.4_linux64_release/addons/ofxUI/src/ofxUIMultiImageSlider.h" />
		<Unit filename="../../../../../opt/of_v0.7.4_linux64_release/addons/ofxUI/src/ofxUIWidget.h" />
		<Unit filename="../../../../../opt/of_v0.7.4_linux64_release/addons/ofxUI/src/ofxUIImageSlider.h" />
		<Unit filename="../../../../../opt/of_v0.7.4_linux64_release/addons/ofxUI/src/ofxUITextArea.h" />
		<Unit filename="../../../../../opt/of_v0.7.4_linux64_release/addons/ofxUI/src/ofxUIWaveform.h" />
		<Unit filename="../../../../../opt/of_v0.7.4_linux64_release/addons/ofxUI/src/ofxUIButton.h" />
		<Unit filename="../../../../../opt/of_v0.7.4_linux64_release/addons/ofxUI/src/ofxUIMovingGraph.h" />
		<Unit filename="../../../../../opt/of_v0.7.4_linux64_release/addons/ofxUI/src/ofxUIRectangle.h" />
		<Unit filename="../../../../../opt/of_v0.7.4_linux64_release/addons/ofxUI/src/ofxUIImageButton.h" />
		<Unit filename="../../../../../opt/of_v0.7.4_linux64_release/addons/ofxUI/src/ofxUIRangeSlider.h" />
		<Unit filename="../../../../../opt/of_v0.7.4_linux64_release/addons/ofxUI/src/ofxUIBiLabelSlider.h" />
		<Unit filename="../../../../../opt/of_v0.7.4_linux64_release/addons/ofxUI/src/ofxUIOFWrapper.h" />
		<Unit filename="../../../../../opt/of_v0.7.4_linux64_release/addons/ofxUI/src/ofxUISpectrum.h" />
		<Unit filename="../../../../../opt/of_v0.7.4_linux64_release/addons/ofxUI/src/ofxUIRadio.h" />
		<Unit filename="../../../../../opt/of_v0.7.4_linux64_release/addons/ofxUI/src/ofxUICanvas.h" />
		<Unit filename="../../../../../opt/of_v0.7.4_linux64_release/addons/ofxUI/src/ofxUIMultiImageButton.h" />
		<Unit filename="../../../../../opt/of_v0.7.4_linux64_release/addons/ofxUI/src/ofxUIDropDownList.h" />
		<Unit filename="../../../../../opt/of_v0.7.4_linux64_release/addons/ofxUI/src/ofxUIScrollableCanvas.h" />
		<Unit filename="../../../../../opt/of_v0.7.4_linux64_release/addons/ofxUI/src/ofxUIToggleMatrix.h" />
		<Unit filename="../../../../../opt/of_v0.7.4_linux64_release/addons/ofxUI/src/ofxUILabel.h" />
		<Unit filename="../../../../../opt/of_v0.7.4_linux64_release/addons/ofxUI/src/ofxUIUtils.h" />
		<Unit filename="../../../../../opt/of_v0.7.4_linux64_release/addons/ofxUI/src/ofxUI2DPad.h" />
		<Unit filename="../../../../../opt/of_v0.7.4_linux64_release/addons/ofxUI/src/ofxUIImageSampler.h" />
	</Project>
</CodeBlocks_project_file>
